
Microsoft Visual Studio Solution File, Format Version 12.00
# Visual Studio 15
VisualStudioVersion = 15.0.26430.12
MinimumVisualStudioVersion = 10.0.40219.1
Project("{9A19103F-16F7-4668-BE54-9A1E7A4F7556}") = "MassTransit.Hosting.Extensions", "MassTransit.Hosting.Extensions\MassTransit.Hosting.Extensions.csproj", "{D33C332E-7E9E-4B5D-84E6-E04073D29CD4}"
EndProject
Project("{2150E333-8FDC-42A3-9474-1A3956D46DE8}") = "Solution Items", "Solution Items", "{6405EAE8-1B38-424B-BC0D-70C2D5801784}"
	ProjectSection(SolutionItems) = preProject
		.editorconfig = .editorconfig
		.gitattributes = .gitattributes
		.gitignore = .gitignore
		COPYRIGHT.txt = COPYRIGHT.txt
		LICENSE.txt = LICENSE.txt
		README.md = README.md
	EndProjectSection
EndProject
Project("{9A19103F-16F7-4668-BE54-9A1E7A4F7556}") = "MassTransit.RabbitMqTransport.Hosting.Extensions", "MassTransit.RabbitMqTransport.Hosting.Extensions\MassTransit.RabbitMqTransport.Hosting.Extensions.csproj", "{06C2F190-8FA8-4222-A393-D9F882F1016B}"
EndProject
Project("{9A19103F-16F7-4668-BE54-9A1E7A4F7556}") = "MassTransit.Hosting.Extensions.Tests", "MassTransit.Hosting.Extensions.Tests\MassTransit.Hosting.Extensions.Tests.csproj", "{5E1DEB06-532C-41BB-91B7-36E1FB371CB0}"
EndProject
Project("{2150E333-8FDC-42A3-9474-1A3956D46DE8}") = "Tests", "Tests", "{7EECDB13-DAF0-4AC1-95C7-9EFDD83A6E0B}"
EndProject
Global
	GlobalSection(SolutionConfigurationPlatforms) = preSolution
		Debug|Any CPU = Debug|Any CPU
		Release|Any CPU = Release|Any CPU
	EndGlobalSection
	GlobalSection(ProjectConfigurationPlatforms) = postSolution
		{D33C332E-7E9E-4B5D-84E6-E04073D29CD4}.Debug|Any CPU.ActiveCfg = Debug|Any CPU
		{D33C332E-7E9E-4B5D-84E6-E04073D29CD4}.Debug|Any CPU.Build.0 = Debug|Any CPU
		{D33C332E-7E9E-4B5D-84E6-E04073D29CD4}.Release|Any CPU.ActiveCfg = Release|Any CPU
		{D33C332E-7E9E-4B5D-84E6-E04073D29CD4}.Release|Any CPU.Build.0 = Release|Any CPU
		{06C2F190-8FA8-4222-A393-D9F882F1016B}.Debug|Any CPU.ActiveCfg = Debug|Any CPU
		{06C2F190-8FA8-4222-A393-D9F882F1016B}.Debug|Any CPU.Build.0 = Debug|Any CPU
		{06C2F190-8FA8-4222-A393-D9F882F1016B}.Release|Any CPU.ActiveCfg = Release|Any CPU
		{06C2F190-8FA8-4222-A393-D9F882F1016B}.Release|Any CPU.Build.0 = Release|Any CPU
		{5E1DEB06-532C-41BB-91B7-36E1FB371CB0}.Debug|Any CPU.ActiveCfg = Debug|Any CPU
		{5E1DEB06-532C-41BB-91B7-36E1FB371CB0}.Debug|Any CPU.Build.0 = Debug|Any CPU
		{5E1DEB06-532C-41BB-91B7-36E1FB371CB0}.Release|Any CPU.ActiveCfg = Release|Any CPU
		{5E1DEB06-532C-41BB-91B7-36E1FB371CB0}.Release|Any CPU.Build.0 = Release|Any CPU
	EndGlobalSection
	GlobalSection(SolutionProperties) = preSolution
		HideSolutionNode = FALSE
	EndGlobalSection
	GlobalSection(NestedProjects) = preSolution
		{5E1DEB06-532C-41BB-91B7-36E1FB371CB0} = {7EECDB13-DAF0-4AC1-95C7-9EFDD83A6E0B}
	EndGlobalSection
EndGlobal
